
Microsoft Visual Studio Solution File, Format Version 12.00
# Visual Studio Version 16
VisualStudioVersion = 16.0.31105.61
MinimumVisualStudioVersion = 10.0.40219.1
Project("{FAE04EC0-301F-11D3-BF4B-00C04F79EFBC}") = "Calculator Test", "Calculator Test\Calculator Test.csproj", "{AE96821E-AD40-4174-9EEB-7E0C78CD1BF4}"
EndProject
Project("{FAE04EC0-301F-11D3-BF4B-00C04F79EFBC}") = "CalculatorLib", "Calculator\CalculatorLib.csproj", "{47EF0AA9-0D4D-4C07-A1B6-E66C94BF5AED}"
EndProject
Global
	GlobalSection(SolutionConfigurationPlatforms) = preSolution
		Debug|Any CPU = Debug|Any CPU
		Release|Any CPU = Release|Any CPU
	EndGlobalSection
	GlobalSection(ProjectConfigurationPlatforms) = postSolution
		{AE96821E-AD40-4174-9EEB-7E0C78CD1BF4}.Debug|Any CPU.ActiveCfg = Debug|Any CPU
		{AE96821E-AD40-4174-9EEB-7E0C78CD1BF4}.Debug|Any CPU.Build.0 = Debug|Any CPU
		{AE96821E-AD40-4174-9EEB-7E0C78CD1BF4}.Release|Any CPU.ActiveCfg = Release|Any CPU
		{AE96821E-AD40-4174-9EEB-7E0C78CD1BF4}.Release|Any CPU.Build.0 = Release|Any CPU
		{47EF0AA9-0D4D-4C07-A1B6-E66C94BF5AED}.Debug|Any CPU.ActiveCfg = Debug|Any CPU
		{47EF0AA9-0D4D-4C07-A1B6-E66C94BF5AED}.Debug|Any CPU.Build.0 = Debug|Any CPU
		{47EF0AA9-0D4D-4C07-A1B6-E66C94BF5AED}.Release|Any CPU.ActiveCfg = Release|Any CPU
		{47EF0AA9-0D4D-4C07-A1B6-E66C94BF5AED}.Release|Any CPU.Build.0 = Release|Any CPU
	EndGlobalSection
	GlobalSection(SolutionProperties) = preSolution
		HideSolutionNode = FALSE
	EndGlobalSection
	GlobalSection(ExtensibilityGlobals) = postSolution
		SolutionGuid = {C69B0F06-DA0E-4E45-BAC3-EAE5AC29F957}
	EndGlobalSection
EndGlobal
